// !$*UTF8*$!
{
	archiveVersion = 1;
	classes = {
	};
	objectVersion = 46;
	objects = {

/* Begin PBXBuildFile section */
		2D31D5631CBEFDCD00E31762 /* Realm.framework in Frameworks */ = {isa = PBXBuildFile; fileRef = 2D31D5611CBEFDCD00E31762 /* Realm.framework */; };
		2D31D5641CBEFDCD00E31762 /* Realm.framework in Embed Frameworks */ = {isa = PBXBuildFile; fileRef = 2D31D5611CBEFDCD00E31762 /* Realm.framework */; settings = {ATTRIBUTES = (CodeSignOnCopy, RemoveHeadersOnCopy, ); }; };
		2D31D5651CBEFDCD00E31762 /* RealmSwift.framework in Frameworks */ = {isa = PBXBuildFile; fileRef = 2D31D5621CBEFDCD00E31762 /* RealmSwift.framework */; };
		2D31D5661CBEFDCD00E31762 /* RealmSwift.framework in Embed Frameworks */ = {isa = PBXBuildFile; fileRef = 2D31D5621CBEFDCD00E31762 /* RealmSwift.framework */; settings = {ATTRIBUTES = (CodeSignOnCopy, RemoveHeadersOnCopy, ); }; };
		2D3410F71CC1632800B5F250 /* AutoCompleteTextField.swift in Sources */ = {isa = PBXBuildFile; fileRef = 2D3410F61CC1632800B5F250 /* AutoCompleteTextField.swift */; };
		2D47C94D1CC03BE700B71365 /* Cid.swift in Sources */ = {isa = PBXBuildFile; fileRef = 2D47C94C1CC03BE700B71365 /* Cid.swift */; };
		2D47C94F1CC04DF300B71365 /* cid.realm in Resources */ = {isa = PBXBuildFile; fileRef = 2D47C94E1CC04DF300B71365 /* cid.realm */; };
		2DD1389E1CBEB8260029C4A4 /* AppDelegate.swift in Sources */ = {isa = PBXBuildFile; fileRef = 2DD1389D1CBEB8260029C4A4 /* AppDelegate.swift */; };
		2DD138A01CBEB8260029C4A4 /* ViewController.swift in Sources */ = {isa = PBXBuildFile; fileRef = 2DD1389F1CBEB8260029C4A4 /* ViewController.swift */; };
		2DD138A31CBEB8270029C4A4 /* Main.storyboard in Resources */ = {isa = PBXBuildFile; fileRef = 2DD138A11CBEB8270029C4A4 /* Main.storyboard */; };
		2DD138A51CBEB8270029C4A4 /* Assets.xcassets in Resources */ = {isa = PBXBuildFile; fileRef = 2DD138A41CBEB8270029C4A4 /* Assets.xcassets */; };
		2DD138A81CBEB8270029C4A4 /* LaunchScreen.storyboard in Resources */ = {isa = PBXBuildFile; fileRef = 2DD138A61CBEB8270029C4A4 /* LaunchScreen.storyboard */; };
		2DD138B31CBEB8270029C4A4 /* TestesSwiftTests.swift in Sources */ = {isa = PBXBuildFile; fileRef = 2DD138B21CBEB8270029C4A4 /* TestesSwiftTests.swift */; };
		2DD138BE1CBEB8270029C4A4 /* TestesSwiftUITests.swift in Sources */ = {isa = PBXBuildFile; fileRef = 2DD138BD1CBEB8270029C4A4 /* TestesSwiftUITests.swift */; };
		2DDC04711CC7FCDE00299912 /* SearchViewController.swift in Sources */ = {isa = PBXBuildFile; fileRef = 2DDC04701CC7FCDE00299912 /* SearchViewController.swift */; };
/* End PBXBuildFile section */

/* Begin PBXContainerItemProxy section */
		2DD138AF1CBEB8270029C4A4 /* PBXContainerItemProxy */ = {
			isa = PBXContainerItemProxy;
			containerPortal = 2DD138921CBEB8250029C4A4 /* Project object */;
			proxyType = 1;
			remoteGlobalIDString = 2DD138991CBEB8250029C4A4;
			remoteInfo = TestesSwift;
		};
		2DD138BA1CBEB8270029C4A4 /* PBXContainerItemProxy */ = {
			isa = PBXContainerItemProxy;
			containerPortal = 2DD138921CBEB8250029C4A4 /* Project object */;
			proxyType = 1;
			remoteGlobalIDString = 2DD138991CBEB8250029C4A4;
			remoteInfo = TestesSwift;
		};
/* End PBXContainerItemProxy section */

/* Begin PBXCopyFilesBuildPhase section */
		2D31D5671CBEFDCD00E31762 /* Embed Frameworks */ = {
			isa = PBXCopyFilesBuildPhase;
			buildActionMask = 2147483647;
			dstPath = "";
			dstSubfolderSpec = 10;
			files = (
				2D31D5661CBEFDCD00E31762 /* RealmSwift.framework in Embed Frameworks */,
				2D31D5641CBEFDCD00E31762 /* Realm.framework in Embed Frameworks */,
			);
			name = "Embed Frameworks";
			runOnlyForDeploymentPostprocessing = 0;
		};
/* End PBXCopyFilesBuildPhase section */

/* Begin PBXFileReference section */
		2D31D5611CBEFDCD00E31762 /* Realm.framework */ = {isa = PBXFileReference; lastKnownFileType = wrapper.framework; path = Realm.framework; sourceTree = "<group>"; };
		2D31D5621CBEFDCD00E31762 /* RealmSwift.framework */ = {isa = PBXFileReference; lastKnownFileType = wrapper.framework; path = RealmSwift.framework; sourceTree = "<group>"; };
		2D3410F61CC1632800B5F250 /* AutoCompleteTextField.swift */ = {isa = PBXFileReference; fileEncoding = 4; lastKnownFileType = sourcecode.swift; path = AutoCompleteTextField.swift; sourceTree = "<group>"; };
		2D47C94C1CC03BE700B71365 /* Cid.swift */ = {isa = PBXFileReference; fileEncoding = 4; lastKnownFileType = sourcecode.swift; path = Cid.swift; sourceTree = "<group>"; };
		2D47C94E1CC04DF300B71365 /* cid.realm */ = {isa = PBXFileReference; lastKnownFileType = file; path = cid.realm; sourceTree = "<group>"; };
		2DD1389A1CBEB8250029C4A4 /* TestesSwift.app */ = {isa = PBXFileReference; explicitFileType = wrapper.application; includeInIndex = 0; path = TestesSwift.app; sourceTree = BUILT_PRODUCTS_DIR; };
		2DD1389D1CBEB8260029C4A4 /* AppDelegate.swift */ = {isa = PBXFileReference; lastKnownFileType = sourcecode.swift; path = AppDelegate.swift; sourceTree = "<group>"; };
		2DD1389F1CBEB8260029C4A4 /* ViewController.swift */ = {isa = PBXFileReference; lastKnownFileType = sourcecode.swift; path = ViewController.swift; sourceTree = "<group>"; };
		2DD138A21CBEB8270029C4A4 /* Base */ = {isa = PBXFileReference; lastKnownFileType = file.storyboard; name = Base; path = Base.lproj/Main.storyboard; sourceTree = "<group>"; };
		2DD138A41CBEB8270029C4A4 /* Assets.xcassets */ = {isa = PBXFileReference; lastKnownFileType = folder.assetcatalog; path = Assets.xcassets; sourceTree = "<group>"; };
		2DD138A71CBEB8270029C4A4 /* Base */ = {isa = PBXFileReference; lastKnownFileType = file.storyboard; name = Base; path = Base.lproj/LaunchScreen.storyboard; sourceTree = "<group>"; };
		2DD138A91CBEB8270029C4A4 /* Info.plist */ = {isa = PBXFileReference; lastKnownFileType = text.plist.xml; path = Info.plist; sourceTree = "<group>"; };
		2DD138AE1CBEB8270029C4A4 /* TestesSwiftTests.xctest */ = {isa = PBXFileReference; explicitFileType = wrapper.cfbundle; includeInIndex = 0; path = TestesSwiftTests.xctest; sourceTree = BUILT_PRODUCTS_DIR; };
		2DD138B21CBEB8270029C4A4 /* TestesSwiftTests.swift */ = {isa = PBXFileReference; lastKnownFileType = sourcecode.swift; path = TestesSwiftTests.swift; sourceTree = "<group>"; };
		2DD138B41CBEB8270029C4A4 /* Info.plist */ = {isa = PBXFileReference; lastKnownFileType = text.plist.xml; path = Info.plist; sourceTree = "<group>"; };
		2DD138B91CBEB8270029C4A4 /* TestesSwiftUITests.xctest */ = {isa = PBXFileReference; explicitFileType = wrapper.cfbundle; includeInIndex = 0; path = TestesSwiftUITests.xctest; sourceTree = BUILT_PRODUCTS_DIR; };
		2DD138BD1CBEB8270029C4A4 /* TestesSwiftUITests.swift */ = {isa = PBXFileReference; lastKnownFileType = sourcecode.swift; path = TestesSwiftUITests.swift; sourceTree = "<group>"; };
		2DD138BF1CBEB8270029C4A4 /* Info.plist */ = {isa = PBXFileReference; lastKnownFileType = text.plist.xml; path = Info.plist; sourceTree = "<group>"; };
		2DDC04701CC7FCDE00299912 /* SearchViewController.swift */ = {isa = PBXFileReference; fileEncoding = 4; lastKnownFileType = sourcecode.swift; path = SearchViewController.swift; sourceTree = "<group>"; };
		31F2B5097CAD5050CB1FCB61 /* Pods-TestesSwift.debug.xcconfig */ = {isa = PBXFileReference; includeInIndex = 1; lastKnownFileType = text.xcconfig; name = "Pods-TestesSwift.debug.xcconfig"; path = "Pods/Target Support Files/Pods-TestesSwift/Pods-TestesSwift.debug.xcconfig"; sourceTree = "<group>"; };
		8FC7796E3254AD2524F4742B /* Pods-TestesSwift.release.xcconfig */ = {isa = PBXFileReference; includeInIndex = 1; lastKnownFileType = text.xcconfig; name = "Pods-TestesSwift.release.xcconfig"; path = "Pods/Target Support Files/Pods-TestesSwift/Pods-TestesSwift.release.xcconfig"; sourceTree = "<group>"; };
/* End PBXFileReference section */

/* Begin PBXFrameworksBuildPhase section */
		2DD138971CBEB8250029C4A4 /* Frameworks */ = {
			isa = PBXFrameworksBuildPhase;
			buildActionMask = 2147483647;
			files = (
				2D31D5651CBEFDCD00E31762 /* RealmSwift.framework in Frameworks */,
				2D31D5631CBEFDCD00E31762 /* Realm.framework in Frameworks */,
			);
			runOnlyForDeploymentPostprocessing = 0;
		};
		2DD138AB1CBEB8270029C4A4 /* Frameworks */ = {
			isa = PBXFrameworksBuildPhase;
			buildActionMask = 2147483647;
			files = (
			);
			runOnlyForDeploymentPostprocessing = 0;
		};
		2DD138B61CBEB8270029C4A4 /* Frameworks */ = {
			isa = PBXFrameworksBuildPhase;
			buildActionMask = 2147483647;
			files = (
			);
			runOnlyForDeploymentPostprocessing = 0;
		};
/* End PBXFrameworksBuildPhase section */

/* Begin PBXGroup section */
		2D31D5681CBEFDF600E31762 /* Resources */ = {
			isa = PBXGroup;
			children = (
				2D31D5621CBEFDCD00E31762 /* RealmSwift.framework */,
				2D31D5611CBEFDCD00E31762 /* Realm.framework */,
			);
			name = Resources;
			sourceTree = "<group>";
		};
		2D31D56A1CBF03A100E31762 /* Model */ = {
			isa = PBXGroup;
			children = (
				2D47C94C1CC03BE700B71365 /* Cid.swift */,
			);
			name = Model;
			sourceTree = "<group>";
		};
		2D3410F01CC15A0D00B5F250 /* External */ = {
			isa = PBXGroup;
			children = (
				2D3410F31CC162C100B5F250 /* AutoCompleteTextField */,
			);
			name = External;
			sourceTree = "<group>";
		};
		2D3410F31CC162C100B5F250 /* AutoCompleteTextField */ = {
			isa = PBXGroup;
			children = (
				2D3410F61CC1632800B5F250 /* AutoCompleteTextField.swift */,
			);
			name = AutoCompleteTextField;
			sourceTree = "<group>";
		};
		2DD138911CBEB8250029C4A4 = {
			isa = PBXGroup;
			children = (
				2D31D5681CBEFDF600E31762 /* Resources */,
				2DD1389C1CBEB8260029C4A4 /* TestesSwift */,
				2DD138B11CBEB8270029C4A4 /* TestesSwiftTests */,
				2DD138BC1CBEB8270029C4A4 /* TestesSwiftUITests */,
				2DD1389B1CBEB8250029C4A4 /* Products */,
				FA9C411B436C02E65658AD86 /* Pods */,
				BE6F57A43EB1145A87FA4EC0 /* Frameworks */,
			);
			sourceTree = "<group>";
		};
		2DD1389B1CBEB8250029C4A4 /* Products */ = {
			isa = PBXGroup;
			children = (
				2DD1389A1CBEB8250029C4A4 /* TestesSwift.app */,
				2DD138AE1CBEB8270029C4A4 /* TestesSwiftTests.xctest */,
				2DD138B91CBEB8270029C4A4 /* TestesSwiftUITests.xctest */,
			);
			name = Products;
			sourceTree = "<group>";
		};
		2DD1389C1CBEB8260029C4A4 /* TestesSwift */ = {
			isa = PBXGroup;
			children = (
				2D3410F01CC15A0D00B5F250 /* External */,
				2D31D56A1CBF03A100E31762 /* Model */,
				2DD138CB1CBEB8370029C4A4 /* Supporting Files */,
				2DD1389F1CBEB8260029C4A4 /* ViewController.swift */,
				2DD138A11CBEB8270029C4A4 /* Main.storyboard */,
				2DDC04701CC7FCDE00299912 /* SearchViewController.swift */,
			);
			path = TestesSwift;
			sourceTree = "<group>";
		};
		2DD138B11CBEB8270029C4A4 /* TestesSwiftTests */ = {
			isa = PBXGroup;
			children = (
				2DD138B21CBEB8270029C4A4 /* TestesSwiftTests.swift */,
				2DD138B41CBEB8270029C4A4 /* Info.plist */,
			);
			path = TestesSwiftTests;
			sourceTree = "<group>";
		};
		2DD138BC1CBEB8270029C4A4 /* TestesSwiftUITests */ = {
			isa = PBXGroup;
			children = (
				2DD138BD1CBEB8270029C4A4 /* TestesSwiftUITests.swift */,
				2DD138BF1CBEB8270029C4A4 /* Info.plist */,
			);
			path = TestesSwiftUITests;
			sourceTree = "<group>";
		};
		2DD138CB1CBEB8370029C4A4 /* Supporting Files */ = {
			isa = PBXGroup;
			children = (
				2D47C94E1CC04DF300B71365 /* cid.realm */,
				2DD138A61CBEB8270029C4A4 /* LaunchScreen.storyboard */,
				2DD138A91CBEB8270029C4A4 /* Info.plist */,
				2DD138A41CBEB8270029C4A4 /* Assets.xcassets */,
				2DD1389D1CBEB8260029C4A4 /* AppDelegate.swift */,
			);
			name = "Supporting Files";
			sourceTree = "<group>";
		};
		BE6F57A43EB1145A87FA4EC0 /* Frameworks */ = {
			isa = PBXGroup;
			children = (
			);
			name = Frameworks;
			sourceTree = "<group>";
		};
		FA9C411B436C02E65658AD86 /* Pods */ = {
			isa = PBXGroup;
			children = (
				31F2B5097CAD5050CB1FCB61 /* Pods-TestesSwift.debug.xcconfig */,
				8FC7796E3254AD2524F4742B /* Pods-TestesSwift.release.xcconfig */,
			);
			name = Pods;
			sourceTree = "<group>";
		};
/* End PBXGroup section */

/* Begin PBXNativeTarget section */
		2DD138991CBEB8250029C4A4 /* TestesSwift */ = {
			isa = PBXNativeTarget;
			buildConfigurationList = 2DD138C21CBEB8270029C4A4 /* Build configuration list for PBXNativeTarget "TestesSwift" */;
			buildPhases = (
				2DD138961CBEB8250029C4A4 /* Sources */,
				2DD138971CBEB8250029C4A4 /* Frameworks */,
				2DD138981CBEB8250029C4A4 /* Resources */,
				2D31D5671CBEFDCD00E31762 /* Embed Frameworks */,
				2D31D5691CBEFF8A00E31762 /* ShellScript */,
			);
			buildRules = (
			);
			dependencies = (
			);
			name = TestesSwift;
			productName = TestesSwift;
			productReference = 2DD1389A1CBEB8250029C4A4 /* TestesSwift.app */;
			productType = "com.apple.product-type.application";
		};
		2DD138AD1CBEB8270029C4A4 /* TestesSwiftTests */ = {
			isa = PBXNativeTarget;
			buildConfigurationList = 2DD138C51CBEB8270029C4A4 /* Build configuration list for PBXNativeTarget "TestesSwiftTests" */;
			buildPhases = (
				2DD138AA1CBEB8270029C4A4 /* Sources */,
				2DD138AB1CBEB8270029C4A4 /* Frameworks */,
				2DD138AC1CBEB8270029C4A4 /* Resources */,
			);
			buildRules = (
			);
			dependencies = (
				2DD138B01CBEB8270029C4A4 /* PBXTargetDependency */,
			);
			name = TestesSwiftTests;
			productName = TestesSwiftTests;
			productReference = 2DD138AE1CBEB8270029C4A4 /* TestesSwiftTests.xctest */;
			productType = "com.apple.product-type.bundle.unit-test";
		};
		2DD138B81CBEB8270029C4A4 /* TestesSwiftUITests */ = {
			isa = PBXNativeTarget;
			buildConfigurationList = 2DD138C81CBEB8270029C4A4 /* Build configuration list for PBXNativeTarget "TestesSwiftUITests" */;
			buildPhases = (
				2DD138B51CBEB8270029C4A4 /* Sources */,
				2DD138B61CBEB8270029C4A4 /* Frameworks */,
				2DD138B71CBEB8270029C4A4 /* Resources */,
			);
			buildRules = (
			);
			dependencies = (
				2DD138BB1CBEB8270029C4A4 /* PBXTargetDependency */,
			);
			name = TestesSwiftUITests;
			productName = TestesSwiftUITests;
			productReference = 2DD138B91CBEB8270029C4A4 /* TestesSwiftUITests.xctest */;
			productType = "com.apple.product-type.bundle.ui-testing";
		};
/* End PBXNativeTarget section */

/* Begin PBXProject section */
		2DD138921CBEB8250029C4A4 /* Project object */ = {
			isa = PBXProject;
			attributes = {
				LastSwiftUpdateCheck = 0730;
				LastUpgradeCheck = 0730;
				ORGANIZATIONNAME = "Radix Engenharia e Software";
				TargetAttributes = {
					2DD138991CBEB8250029C4A4 = {
						CreatedOnToolsVersion = 7.3;
						DevelopmentTeam = SM8662EE7C;
					};
					2DD138AD1CBEB8270029C4A4 = {
						CreatedOnToolsVersion = 7.3;
						DevelopmentTeam = THSE79CSPM;
						TestTargetID = 2DD138991CBEB8250029C4A4;
					};
					2DD138B81CBEB8270029C4A4 = {
						CreatedOnToolsVersion = 7.3;
						DevelopmentTeam = THSE79CSPM;
						TestTargetID = 2DD138991CBEB8250029C4A4;
					};
				};
			};
			buildConfigurationList = 2DD138951CBEB8250029C4A4 /* Build configuration list for PBXProject "TestesSwift" */;
			compatibilityVersion = "Xcode 3.2";
			developmentRegion = English;
			hasScannedForEncodings = 0;
			knownRegions = (
				en,
				Base,
			);
			mainGroup = 2DD138911CBEB8250029C4A4;
			productRefGroup = 2DD1389B1CBEB8250029C4A4 /* Products */;
			projectDirPath = "";
			projectRoot = "";
			targets = (
				2DD138991CBEB8250029C4A4 /* TestesSwift */,
				2DD138AD1CBEB8270029C4A4 /* TestesSwiftTests */,
				2DD138B81CBEB8270029C4A4 /* TestesSwiftUITests */,
			);
		};
/* End PBXProject section */

/* Begin PBXResourcesBuildPhase section */
		2DD138981CBEB8250029C4A4 /* Resources */ = {
			isa = PBXResourcesBuildPhase;
			buildActionMask = 2147483647;
			files = (
				2D47C94F1CC04DF300B71365 /* cid.realm in Resources */,
				2DD138A81CBEB8270029C4A4 /* LaunchScreen.storyboard in Resources */,
				2DD138A51CBEB8270029C4A4 /* Assets.xcassets in Resources */,
				2DD138A31CBEB8270029C4A4 /* Main.storyboard in Resources */,
			);
			runOnlyForDeploymentPostprocessing = 0;
		};
		2DD138AC1CBEB8270029C4A4 /* Resources */ = {
			isa = PBXResourcesBuildPhase;
			buildActionMask = 2147483647;
			files = (
			);
			runOnlyForDeploymentPostprocessing = 0;
		};
		2DD138B71CBEB8270029C4A4 /* Resources */ = {
			isa = PBXResourcesBuildPhase;
			buildActionMask = 2147483647;
			files = (
			);
			runOnlyForDeploymentPostprocessing = 0;
		};
/* End PBXResourcesBuildPhase section */

/* Begin PBXShellScriptBuildPhase section */
		2D31D5691CBEFF8A00E31762 /* ShellScript */ = {
			isa = PBXShellScriptBuildPhase;
			buildActionMask = 2147483647;
			files = (
			);
			inputPaths = (
			);
			outputPaths = (
			);
			runOnlyForDeploymentPostprocessing = 0;
			shellPath = /bin/sh;
			shellScript = "bash \"${BUILT_PRODUCTS_DIR}/${FRAMEWORKS_FOLDER_PATH}/Realm.framework/strip-frameworks.sh\"";
		};
/* End PBXShellScriptBuildPhase section */

/* Begin PBXSourcesBuildPhase section */
		2DD138961CBEB8250029C4A4 /* Sources */ = {
			isa = PBXSourcesBuildPhase;
			buildActionMask = 2147483647;
			files = (
				2DDC04711CC7FCDE00299912 /* SearchViewController.swift in Sources */,
				2DD138A01CBEB8260029C4A4 /* ViewController.swift in Sources */,
				2D3410F71CC1632800B5F250 /* AutoCompleteTextField.swift in Sources */,
				2D47C94D1CC03BE700B71365 /* Cid.swift in Sources */,
				2DD1389E1CBEB8260029C4A4 /* AppDelegate.swift in Sources */,
			);
			runOnlyForDeploymentPostprocessing = 0;
		};
		2DD138AA1CBEB8270029C4A4 /* Sources */ = {
			isa = PBXSourcesBuildPhase;
			buildActionMask = 2147483647;
			files = (
				2DD138B31CBEB8270029C4A4 /* TestesSwiftTests.swift in Sources */,
			);
			runOnlyForDeploymentPostprocessing = 0;
		};
		2DD138B51CBEB8270029C4A4 /* Sources */ = {
			isa = PBXSourcesBuildPhase;
			buildActionMask = 2147483647;
			files = (
				2DD138BE1CBEB8270029C4A4 /* TestesSwiftUITests.swift in Sources */,
			);
			runOnlyForDeploymentPostprocessing = 0;
		};
/* End PBXSourcesBuildPhase section */

/* Begin PBXTargetDependency section */
		2DD138B01CBEB8270029C4A4 /* PBXTargetDependency */ = {
			isa = PBXTargetDependency;
			target = 2DD138991CBEB8250029C4A4 /* TestesSwift */;
			targetProxy = 2DD138AF1CBEB8270029C4A4 /* PBXContainerItemProxy */;
		};
		2DD138BB1CBEB8270029C4A4 /* PBXTargetDependency */ = {
			isa = PBXTargetDependency;
			target = 2DD138991CBEB8250029C4A4 /* TestesSwift */;
			targetProxy = 2DD138BA1CBEB8270029C4A4 /* PBXContainerItemProxy */;
		};
/* End PBXTargetDependency section */

/* Begin PBXVariantGroup section */
		2DD138A11CBEB8270029C4A4 /* Main.storyboard */ = {
			isa = PBXVariantGroup;
			children = (
				2DD138A21CBEB8270029C4A4 /* Base */,
			);
			name = Main.storyboard;
			sourceTree = "<group>";
		};
		2DD138A61CBEB8270029C4A4 /* LaunchScreen.storyboard */ = {
			isa = PBXVariantGroup;
			children = (
				2DD138A71CBEB8270029C4A4 /* Base */,
			);
			name = LaunchScreen.storyboard;
			sourceTree = "<group>";
		};
/* End PBXVariantGroup section */

/* Begin XCBuildConfiguration section */
		2DD138C01CBEB8270029C4A4 /* Debug */ = {
			isa = XCBuildConfiguration;
			buildSettings = {
				ALWAYS_SEARCH_USER_PATHS = NO;
				CLANG_ANALYZER_NONNULL = YES;
				CLANG_CXX_LANGUAGE_STANDARD = "gnu++0x";
				CLANG_CXX_LIBRARY = "libc++";
				CLANG_ENABLE_MODULES = YES;
				CLANG_ENABLE_OBJC_ARC = YES;
				CLANG_WARN_BOOL_CONVERSION = YES;
				CLANG_WARN_CONSTANT_CONVERSION = YES;
				CLANG_WARN_DIRECT_OBJC_ISA_USAGE = YES_ERROR;
				CLANG_WARN_EMPTY_BODY = YES;
				CLANG_WARN_ENUM_CONVERSION = YES;
				CLANG_WARN_INT_CONVERSION = YES;
				CLANG_WARN_OBJC_ROOT_CLASS = YES_ERROR;
				CLANG_WARN_UNREACHABLE_CODE = YES;
				CLANG_WARN__DUPLICATE_METHOD_MATCH = YES;
				"CODE_SIGN_IDENTITY[sdk=iphoneos*]" = "iPhone Developer";
				COPY_PHASE_STRIP = NO;
				DEBUG_INFORMATION_FORMAT = dwarf;
				ENABLE_STRICT_OBJC_MSGSEND = YES;
				ENABLE_TESTABILITY = YES;
				GCC_C_LANGUAGE_STANDARD = gnu99;
				GCC_DYNAMIC_NO_PIC = NO;
				GCC_NO_COMMON_BLOCKS = YES;
				GCC_OPTIMIZATION_LEVEL = 0;
				GCC_PREPROCESSOR_DEFINITIONS = (
					"DEBUG=1",
					"$(inherited)",
				);
				GCC_WARN_64_TO_32_BIT_CONVERSION = YES;
				GCC_WARN_ABOUT_RETURN_TYPE = YES_ERROR;
				GCC_WARN_UNDECLARED_SELECTOR = YES;
				GCC_WARN_UNINITIALIZED_AUTOS = YES_AGGRESSIVE;
				GCC_WARN_UNUSED_FUNCTION = YES;
				GCC_WARN_UNUSED_VARIABLE = YES;
				IPHONEOS_DEPLOYMENT_TARGET = 9.3;
				MTL_ENABLE_DEBUG_INFO = YES;
				ONLY_ACTIVE_ARCH = YES;
				PODS_ROOT = "${SRCROOT}/Pods";
				SDKROOT = iphoneos;
				SWIFT_OPTIMIZATION_LEVEL = "-Onone";
				TARGETED_DEVICE_FAMILY = "1,2";
			};
			name = Debug;
		};
		2DD138C11CBEB8270029C4A4 /* Release */ = {
			isa = XCBuildConfiguration;
			buildSettings = {
				ALWAYS_SEARCH_USER_PATHS = NO;
				CLANG_ANALYZER_NONNULL = YES;
				CLANG_CXX_LANGUAGE_STANDARD = "gnu++0x";
				CLANG_CXX_LIBRARY = "libc++";
				CLANG_ENABLE_MODULES = YES;
				CLANG_ENABLE_OBJC_ARC = YES;
				CLANG_WARN_BOOL_CONVERSION = YES;
				CLANG_WARN_CONSTANT_CONVERSION = YES;
				CLANG_WARN_DIRECT_OBJC_ISA_USAGE = YES_ERROR;
				CLANG_WARN_EMPTY_BODY = YES;
				CLANG_WARN_ENUM_CONVERSION = YES;
				CLANG_WARN_INT_CONVERSION = YES;
				CLANG_WARN_OBJC_ROOT_CLASS = YES_ERROR;
				CLANG_WARN_UNREACHABLE_CODE = YES;
				CLANG_WARN__DUPLICATE_METHOD_MATCH = YES;
				"CODE_SIGN_IDENTITY[sdk=iphoneos*]" = "iPhone Developer";
				COPY_PHASE_STRIP = NO;
				DEBUG_INFORMATION_FORMAT = "dwarf-with-dsym";
				ENABLE_NS_ASSERTIONS = NO;
				ENABLE_STRICT_OBJC_MSGSEND = YES;
				GCC_C_LANGUAGE_STANDARD = gnu99;
				GCC_NO_COMMON_BLOCKS = YES;
				GCC_WARN_64_TO_32_BIT_CONVERSION = YES;
				GCC_WARN_ABOUT_RETURN_TYPE = YES_ERROR;
				GCC_WARN_UNDECLARED_SELECTOR = YES;
				GCC_WARN_UNINITIALIZED_AUTOS = YES_AGGRESSIVE;
				GCC_WARN_UNUSED_FUNCTION = YES;
				GCC_WARN_UNUSED_VARIABLE = YES;
				IPHONEOS_DEPLOYMENT_TARGET = 9.3;
				MTL_ENABLE_DEBUG_INFO = NO;
				PODS_ROOT = "${SRCROOT}/Pods";
				SDKROOT = iphoneos;
				TARGETED_DEVICE_FAMILY = "1,2";
				VALIDATE_PRODUCT = YES;
			};
			name = Release;
		};
		2DD138C31CBEB8270029C4A4 /* Debug */ = {
			isa = XCBuildConfiguration;
			baseConfigurationReference = 31F2B5097CAD5050CB1FCB61 /* Pods-TestesSwift.debug.xcconfig */;
			buildSettings = {
				ASSETCATALOG_COMPILER_APPICON_NAME = AppIcon;
				CODE_SIGN_IDENTITY = "iPhone Developer";
				"CODE_SIGN_IDENTITY[sdk=iphoneos*]" = "iPhone Developer";
				FRAMEWORK_SEARCH_PATHS = (
					"$(inherited)",
					"$(PROJECT_DIR)",
				);
				INFOPLIST_FILE = TestesSwift/Info.plist;
				LD_RUNPATH_SEARCH_PATHS = "$(inherited) @executable_path/Frameworks";
				PRODUCT_BUNDLE_IDENTIFIER = br.com.thacilima.TestesSwift;
				PRODUCT_NAME = "$(TARGET_NAME)";
				PROVISIONING_PROFILE = "";
			};
			name = Debug;
		};
		2DD138C41CBEB8270029C4A4 /* Release */ = {
			isa = XCBuildConfiguration;
			baseConfigurationReference = 8FC7796E3254AD2524F4742B /* Pods-TestesSwift.release.xcconfig */;
			buildSettings = {
				ASSETCATALOG_COMPILER_APPICON_NAME = AppIcon;
				CODE_SIGN_IDENTITY = "iPhone Developer";
				"CODE_SIGN_IDENTITY[sdk=iphoneos*]" = "iPhone Developer";
				FRAMEWORK_SEARCH_PATHS = (
					"$(inherited)",
					"$(PROJECT_DIR)",
				);
				INFOPLIST_FILE = TestesSwift/Info.plist;
				LD_RUNPATH_SEARCH_PATHS = "$(inherited) @executable_path/Frameworks";
				PRODUCT_BUNDLE_IDENTIFIER = br.com.thacilima.TestesSwift;
				PRODUCT_NAME = "$(TARGET_NAME)";
				PROVISIONING_PROFILE = "";
			};
			name = Release;
		};
		2DD138C61CBEB8270029C4A4 /* Debug */ = {
			isa = XCBuildConfiguration;
			buildSettings = {
				BUNDLE_LOADER = "$(TEST_HOST)";
				FRAMEWORK_SEARCH_PATHS = (
					/Users/rdx/Desktop/iOS,
					"-",
					Workspace/TestesSwift,
				);
				INFOPLIST_FILE = TestesSwiftTests/Info.plist;
				LD_RUNPATH_SEARCH_PATHS = "$(inherited) @executable_path/Frameworks @loader_path/Frameworks";
				PRODUCT_BUNDLE_IDENTIFIER = br.com.radix.TestesSwiftTests;
				PRODUCT_NAME = "$(TARGET_NAME)";
				TEST_HOST = "$(BUILT_PRODUCTS_DIR)/TestesSwift.app/TestesSwift";
			};
			name = Debug;
		};
		2DD138C71CBEB8270029C4A4 /* Release */ = {
			isa = XCBuildConfiguration;
			buildSettings = {
				BUNDLE_LOADER = "$(TEST_HOST)";
				FRAMEWORK_SEARCH_PATHS = (
					/Users/rdx/Desktop/iOS,
					"-",
					Workspace/TestesSwift,
				);
				INFOPLIST_FILE = TestesSwiftTests/Info.plist;
				LD_RUNPATH_SEARCH_PATHS = "$(inherited) @executable_path/Frameworks @loader_path/Frameworks";
				PRODUCT_BUNDLE_IDENTIFIER = br.com.radix.TestesSwiftTests;
				PRODUCT_NAME = "$(TARGET_NAME)";
				TEST_HOST = "$(BUILT_PRODUCTS_DIR)/TestesSwift.app/TestesSwift";
			};
			name = Release;
		};
		2DD138C91CBEB8270029C4A4 /* Debug */ = {
			isa = XCBuildConfiguration;
			buildSettings = {
				INFOPLIST_FILE = TestesSwiftUITests/Info.plist;
				LD_RUNPATH_SEARCH_PATHS = "$(inherited) @executable_path/Frameworks @loader_path/Frameworks";
				PRODUCT_BUNDLE_IDENTIFIER = br.com.radix.TestesSwiftUITests;
				PRODUCT_NAME = "$(TARGET_NAME)";
				TEST_TARGET_NAME = TestesSwift;
			};
			name = Debug;
		};
		2DD138CA1CBEB8270029C4A4 /* Release */ = {
			isa = XCBuildConfiguration;
			buildSettings = {
				INFOPLIST_FILE = TestesSwiftUITests/Info.plist;
				LD_RUNPATH_SEARCH_PATHS = "$(inherited) @executable_path/Frameworks @loader_path/Frameworks";
				PRODUCT_BUNDLE_IDENTIFIER = br.com.radix.TestesSwiftUITests;
				PRODUCT_NAME = "$(TARGET_NAME)";
				TEST_TARGET_NAME = TestesSwift;
			};
			name = Release;
		};
/* End XCBuildConfiguration section */

/* Begin XCConfigurationList section */
		2DD138951CBEB8250029C4A4 /* Build configuration list for PBXProject "TestesSwift" */ = {
			isa = XCConfigurationList;
			buildConfigurations = (
				2DD138C01CBEB8270029C4A4 /* Debug */,
				2DD138C11CBEB8270029C4A4 /* Release */,
			);
			defaultConfigurationIsVisible = 0;
			defaultConfigurationName = Release;
		};
		2DD138C21CBEB8270029C4A4 /* Build configuration list for PBXNativeTarget "TestesSwift" */ = {
			isa = XCConfigurationList;
			buildConfigurations = (
				2DD138C31CBEB8270029C4A4 /* Debug */,
				2DD138C41CBEB8270029C4A4 /* Release */,
			);
			defaultConfigurationIsVisible = 0;
			defaultConfigurationName = Release;
		};
		2DD138C51CBEB8270029C4A4 /* Build configuration list for PBXNativeTarget "TestesSwiftTests" */ = {
			isa = XCConfigurationList;
			buildConfigurations = (
				2DD138C61CBEB8270029C4A4 /* Debug */,
				2DD138C71CBEB8270029C4A4 /* Release */,
			);
			defaultConfigurationIsVisible = 0;
			defaultConfigurationName = Release;
		};
		2DD138C81CBEB8270029C4A4 /* Build configuration list for PBXNativeTarget "TestesSwiftUITests" */ = {
			isa = XCConfigurationList;
			buildConfigurations = (
				2DD138C91CBEB8270029C4A4 /* Debug */,
				2DD138CA1CBEB8270029C4A4 /* Release */,
			);
			defaultConfigurationIsVisible = 0;
			defaultConfigurationName = Release;
		};
/* End XCConfigurationList section */
	};
	rootObject = 2DD138921CBEB8250029C4A4 /* Project object */;
}
